
Microsoft Visual Studio Solution File, Format Version 11.00
# Visual Studio 2010
Project("{FAE04EC0-301F-11D3-BF4B-00C04F79EFBC}") = "SeanEnriquezTest2", "SeanEnriquezTest2\SeanEnriquezTest2.csproj", "{D373CE0C-1D06-436B-9886-F6CAEDE7EB33}"
EndProject
Global
	GlobalSection(SolutionConfigurationPlatforms) = preSolution
		Debug|Any CPU = Debug|Any CPU
		Release|Any CPU = Release|Any CPU
	EndGlobalSection
	GlobalSection(ProjectConfigurationPlatforms) = postSolution
		{D373CE0C-1D06-436B-9886-F6CAEDE7EB33}.Debug|Any CPU.ActiveCfg = Debug|Any CPU
		{D373CE0C-1D06-436B-9886-F6CAEDE7EB33}.Debug|Any CPU.Build.0 = Debug|Any CPU
		{D373CE0C-1D06-436B-9886-F6CAEDE7EB33}.Release|Any CPU.ActiveCfg = Release|Any CPU
		{D373CE0C-1D06-436B-9886-F6CAEDE7EB33}.Release|Any CPU.Build.0 = Release|Any CPU
	EndGlobalSection
	GlobalSection(SolutionProperties) = preSolution
		HideSolutionNode = FALSE
	EndGlobalSection
EndGlobal
